
Microsoft Visual Studio Solution File, Format Version 12.00
# Visual Studio 15
VisualStudioVersion = 15.0.26124.0
MinimumVisualStudioVersion = 15.0.26124.0
Project("{FAE04EC0-301F-11D3-BF4B-00C04F79EFBC}") = "FirstDemo", "FirstDemo\FirstDemo.csproj", "{26976007-1886-4BFF-91B5-DA68E4863FD3}"
EndProject
Project("{FAE04EC0-301F-11D3-BF4B-00C04F79EFBC}") = "CancellingTasks", "CancellingTasks\CancellingTasks.csproj", "{99DA037E-5289-447A-BB44-7FCC2702E88E}"
EndProject
Project("{FAE04EC0-301F-11D3-BF4B-00C04F79EFBC}") = "WaitingForTimeToPass", "WaitingForTimeToPass\WaitingForTimeToPass.csproj", "{4E8330EF-85F1-42A7-AA82-1E043E861225}"
EndProject
Project("{FAE04EC0-301F-11D3-BF4B-00C04F79EFBC}") = "WaitingForTasks", "WaitingForTasks\WaitingForTasks.csproj", "{ABB6919A-DB86-4650-9A81-7A4ABECAE9CE}"
EndProject
Project("{FAE04EC0-301F-11D3-BF4B-00C04F79EFBC}") = "ExceptionHandling", "ExceptionHandling\ExceptionHandling.csproj", "{B9D9082F-341C-4621-B57E-1D88299F809E}"
EndProject
Project("{FAE04EC0-301F-11D3-BF4B-00C04F79EFBC}") = "CriticalSections", "CriticalSections\CriticalSections.csproj", "{CE755AE6-EAFF-43BD-8230-9138FDCE4830}"
EndProject
Project("{FAE04EC0-301F-11D3-BF4B-00C04F79EFBC}") = "ConcurrentCollections", "ConcurrentCollections\ConcurrentCollections.csproj", "{B714E6CC-675F-465C-B89D-4346FA268EDD}"
EndProject
Project("{FAE04EC0-301F-11D3-BF4B-00C04F79EFBC}") = "TaskCoordination", "TaskCoordination\TaskCoordination.csproj", "{8C2E6C74-8294-4E97-8DAA-42F400EE321F}"
EndProject
Project("{FAE04EC0-301F-11D3-BF4B-00C04F79EFBC}") = "AutoResetEventSample", "AutoResetEventSample\AutoResetEventSample.csproj", "{2186DF3A-1AF4-4DD2-B701-F5B997448A0E}"
EndProject
Project("{FAE04EC0-301F-11D3-BF4B-00C04F79EFBC}") = "ManualResetEventSample", "ManualResetEventSample\ManualResetEventSample.csproj", "{C2547159-9E88-4700-964F-492D18BDE516}"
EndProject
Project("{FAE04EC0-301F-11D3-BF4B-00C04F79EFBC}") = "ParallelLoops", "ParallelLoops\ParallelLoops.csproj", "{848ADF21-F9DC-4CDF-ABEC-BD590B7F8CB3}"
EndProject
Project("{FAE04EC0-301F-11D3-BF4B-00C04F79EFBC}") = "ParallelLinq", "ParallelLinq\ParallelLinq.csproj", "{BEF407CA-8A20-42DD-8C33-0F5EAC3F840D}"
EndProject
Project("{FAE04EC0-301F-11D3-BF4B-00C04F79EFBC}") = "AsyncAndAwait", "AsyncAndAwait\AsyncAndAwait.csproj", "{64EE1319-E0BE-48EF-A8D7-DC8F9344ED8F}"
EndProject
Global
	GlobalSection(SolutionConfigurationPlatforms) = preSolution
		Debug|Any CPU = Debug|Any CPU
		Debug|x64 = Debug|x64
		Debug|x86 = Debug|x86
		Release|Any CPU = Release|Any CPU
		Release|x64 = Release|x64
		Release|x86 = Release|x86
	EndGlobalSection
	GlobalSection(SolutionProperties) = preSolution
		HideSolutionNode = FALSE
	EndGlobalSection
	GlobalSection(ProjectConfigurationPlatforms) = postSolution
		{26976007-1886-4BFF-91B5-DA68E4863FD3}.Debug|Any CPU.ActiveCfg = Debug|Any CPU
		{26976007-1886-4BFF-91B5-DA68E4863FD3}.Debug|Any CPU.Build.0 = Debug|Any CPU
		{26976007-1886-4BFF-91B5-DA68E4863FD3}.Debug|x64.ActiveCfg = Debug|Any CPU
		{26976007-1886-4BFF-91B5-DA68E4863FD3}.Debug|x64.Build.0 = Debug|Any CPU
		{26976007-1886-4BFF-91B5-DA68E4863FD3}.Debug|x86.ActiveCfg = Debug|Any CPU
		{26976007-1886-4BFF-91B5-DA68E4863FD3}.Debug|x86.Build.0 = Debug|Any CPU
		{26976007-1886-4BFF-91B5-DA68E4863FD3}.Release|Any CPU.ActiveCfg = Release|Any CPU
		{26976007-1886-4BFF-91B5-DA68E4863FD3}.Release|Any CPU.Build.0 = Release|Any CPU
		{26976007-1886-4BFF-91B5-DA68E4863FD3}.Release|x64.ActiveCfg = Release|Any CPU
		{26976007-1886-4BFF-91B5-DA68E4863FD3}.Release|x64.Build.0 = Release|Any CPU
		{26976007-1886-4BFF-91B5-DA68E4863FD3}.Release|x86.ActiveCfg = Release|Any CPU
		{26976007-1886-4BFF-91B5-DA68E4863FD3}.Release|x86.Build.0 = Release|Any CPU
		{99DA037E-5289-447A-BB44-7FCC2702E88E}.Debug|Any CPU.ActiveCfg = Debug|Any CPU
		{99DA037E-5289-447A-BB44-7FCC2702E88E}.Debug|Any CPU.Build.0 = Debug|Any CPU
		{99DA037E-5289-447A-BB44-7FCC2702E88E}.Debug|x64.ActiveCfg = Debug|Any CPU
		{99DA037E-5289-447A-BB44-7FCC2702E88E}.Debug|x64.Build.0 = Debug|Any CPU
		{99DA037E-5289-447A-BB44-7FCC2702E88E}.Debug|x86.ActiveCfg = Debug|Any CPU
		{99DA037E-5289-447A-BB44-7FCC2702E88E}.Debug|x86.Build.0 = Debug|Any CPU
		{99DA037E-5289-447A-BB44-7FCC2702E88E}.Release|Any CPU.ActiveCfg = Release|Any CPU
		{99DA037E-5289-447A-BB44-7FCC2702E88E}.Release|Any CPU.Build.0 = Release|Any CPU
		{99DA037E-5289-447A-BB44-7FCC2702E88E}.Release|x64.ActiveCfg = Release|Any CPU
		{99DA037E-5289-447A-BB44-7FCC2702E88E}.Release|x64.Build.0 = Release|Any CPU
		{99DA037E-5289-447A-BB44-7FCC2702E88E}.Release|x86.ActiveCfg = Release|Any CPU
		{99DA037E-5289-447A-BB44-7FCC2702E88E}.Release|x86.Build.0 = Release|Any CPU
		{4E8330EF-85F1-42A7-AA82-1E043E861225}.Debug|Any CPU.ActiveCfg = Debug|Any CPU
		{4E8330EF-85F1-42A7-AA82-1E043E861225}.Debug|Any CPU.Build.0 = Debug|Any CPU
		{4E8330EF-85F1-42A7-AA82-1E043E861225}.Debug|x64.ActiveCfg = Debug|Any CPU
		{4E8330EF-85F1-42A7-AA82-1E043E861225}.Debug|x64.Build.0 = Debug|Any CPU
		{4E8330EF-85F1-42A7-AA82-1E043E861225}.Debug|x86.ActiveCfg = Debug|Any CPU
		{4E8330EF-85F1-42A7-AA82-1E043E861225}.Debug|x86.Build.0 = Debug|Any CPU
		{4E8330EF-85F1-42A7-AA82-1E043E861225}.Release|Any CPU.ActiveCfg = Release|Any CPU
		{4E8330EF-85F1-42A7-AA82-1E043E861225}.Release|Any CPU.Build.0 = Release|Any CPU
		{4E8330EF-85F1-42A7-AA82-1E043E861225}.Release|x64.ActiveCfg = Release|Any CPU
		{4E8330EF-85F1-42A7-AA82-1E043E861225}.Release|x64.Build.0 = Release|Any CPU
		{4E8330EF-85F1-42A7-AA82-1E043E861225}.Release|x86.ActiveCfg = Release|Any CPU
		{4E8330EF-85F1-42A7-AA82-1E043E861225}.Release|x86.Build.0 = Release|Any CPU
		{ABB6919A-DB86-4650-9A81-7A4ABECAE9CE}.Debug|Any CPU.ActiveCfg = Debug|Any CPU
		{ABB6919A-DB86-4650-9A81-7A4ABECAE9CE}.Debug|Any CPU.Build.0 = Debug|Any CPU
		{ABB6919A-DB86-4650-9A81-7A4ABECAE9CE}.Debug|x64.ActiveCfg = Debug|Any CPU
		{ABB6919A-DB86-4650-9A81-7A4ABECAE9CE}.Debug|x64.Build.0 = Debug|Any CPU
		{ABB6919A-DB86-4650-9A81-7A4ABECAE9CE}.Debug|x86.ActiveCfg = Debug|Any CPU
		{ABB6919A-DB86-4650-9A81-7A4ABECAE9CE}.Debug|x86.Build.0 = Debug|Any CPU
		{ABB6919A-DB86-4650-9A81-7A4ABECAE9CE}.Release|Any CPU.ActiveCfg = Release|Any CPU
		{ABB6919A-DB86-4650-9A81-7A4ABECAE9CE}.Release|Any CPU.Build.0 = Release|Any CPU
		{ABB6919A-DB86-4650-9A81-7A4ABECAE9CE}.Release|x64.ActiveCfg = Release|Any CPU
		{ABB6919A-DB86-4650-9A81-7A4ABECAE9CE}.Release|x64.Build.0 = Release|Any CPU
		{ABB6919A-DB86-4650-9A81-7A4ABECAE9CE}.Release|x86.ActiveCfg = Release|Any CPU
		{ABB6919A-DB86-4650-9A81-7A4ABECAE9CE}.Release|x86.Build.0 = Release|Any CPU
		{B9D9082F-341C-4621-B57E-1D88299F809E}.Debug|Any CPU.ActiveCfg = Debug|Any CPU
		{B9D9082F-341C-4621-B57E-1D88299F809E}.Debug|Any CPU.Build.0 = Debug|Any CPU
		{B9D9082F-341C-4621-B57E-1D88299F809E}.Debug|x64.ActiveCfg = Debug|Any CPU
		{B9D9082F-341C-4621-B57E-1D88299F809E}.Debug|x64.Build.0 = Debug|Any CPU
		{B9D9082F-341C-4621-B57E-1D88299F809E}.Debug|x86.ActiveCfg = Debug|Any CPU
		{B9D9082F-341C-4621-B57E-1D88299F809E}.Debug|x86.Build.0 = Debug|Any CPU
		{B9D9082F-341C-4621-B57E-1D88299F809E}.Release|Any CPU.ActiveCfg = Release|Any CPU
		{B9D9082F-341C-4621-B57E-1D88299F809E}.Release|Any CPU.Build.0 = Release|Any CPU
		{B9D9082F-341C-4621-B57E-1D88299F809E}.Release|x64.ActiveCfg = Release|Any CPU
		{B9D9082F-341C-4621-B57E-1D88299F809E}.Release|x64.Build.0 = Release|Any CPU
		{B9D9082F-341C-4621-B57E-1D88299F809E}.Release|x86.ActiveCfg = Release|Any CPU
		{B9D9082F-341C-4621-B57E-1D88299F809E}.Release|x86.Build.0 = Release|Any CPU
		{CE755AE6-EAFF-43BD-8230-9138FDCE4830}.Debug|Any CPU.ActiveCfg = Debug|Any CPU
		{CE755AE6-EAFF-43BD-8230-9138FDCE4830}.Debug|Any CPU.Build.0 = Debug|Any CPU
		{CE755AE6-EAFF-43BD-8230-9138FDCE4830}.Debug|x64.ActiveCfg = Debug|Any CPU
		{CE755AE6-EAFF-43BD-8230-9138FDCE4830}.Debug|x64.Build.0 = Debug|Any CPU
		{CE755AE6-EAFF-43BD-8230-9138FDCE4830}.Debug|x86.ActiveCfg = Debug|Any CPU
		{CE755AE6-EAFF-43BD-8230-9138FDCE4830}.Debug|x86.Build.0 = Debug|Any CPU
		{CE755AE6-EAFF-43BD-8230-9138FDCE4830}.Release|Any CPU.ActiveCfg = Release|Any CPU
		{CE755AE6-EAFF-43BD-8230-9138FDCE4830}.Release|Any CPU.Build.0 = Release|Any CPU
		{CE755AE6-EAFF-43BD-8230-9138FDCE4830}.Release|x64.ActiveCfg = Release|Any CPU
		{CE755AE6-EAFF-43BD-8230-9138FDCE4830}.Release|x64.Build.0 = Release|Any CPU
		{CE755AE6-EAFF-43BD-8230-9138FDCE4830}.Release|x86.ActiveCfg = Release|Any CPU
		{CE755AE6-EAFF-43BD-8230-9138FDCE4830}.Release|x86.Build.0 = Release|Any CPU
		{B714E6CC-675F-465C-B89D-4346FA268EDD}.Debug|Any CPU.ActiveCfg = Debug|Any CPU
		{B714E6CC-675F-465C-B89D-4346FA268EDD}.Debug|Any CPU.Build.0 = Debug|Any CPU
		{B714E6CC-675F-465C-B89D-4346FA268EDD}.Debug|x64.ActiveCfg = Debug|Any CPU
		{B714E6CC-675F-465C-B89D-4346FA268EDD}.Debug|x64.Build.0 = Debug|Any CPU
		{B714E6CC-675F-465C-B89D-4346FA268EDD}.Debug|x86.ActiveCfg = Debug|Any CPU
		{B714E6CC-675F-465C-B89D-4346FA268EDD}.Debug|x86.Build.0 = Debug|Any CPU
		{B714E6CC-675F-465C-B89D-4346FA268EDD}.Release|Any CPU.ActiveCfg = Release|Any CPU
		{B714E6CC-675F-465C-B89D-4346FA268EDD}.Release|Any CPU.Build.0 = Release|Any CPU
		{B714E6CC-675F-465C-B89D-4346FA268EDD}.Release|x64.ActiveCfg = Release|Any CPU
		{B714E6CC-675F-465C-B89D-4346FA268EDD}.Release|x64.Build.0 = Release|Any CPU
		{B714E6CC-675F-465C-B89D-4346FA268EDD}.Release|x86.ActiveCfg = Release|Any CPU
		{B714E6CC-675F-465C-B89D-4346FA268EDD}.Release|x86.Build.0 = Release|Any CPU
		{8C2E6C74-8294-4E97-8DAA-42F400EE321F}.Debug|Any CPU.ActiveCfg = Debug|Any CPU
		{8C2E6C74-8294-4E97-8DAA-42F400EE321F}.Debug|Any CPU.Build.0 = Debug|Any CPU
		{8C2E6C74-8294-4E97-8DAA-42F400EE321F}.Debug|x64.ActiveCfg = Debug|Any CPU
		{8C2E6C74-8294-4E97-8DAA-42F400EE321F}.Debug|x64.Build.0 = Debug|Any CPU
		{8C2E6C74-8294-4E97-8DAA-42F400EE321F}.Debug|x86.ActiveCfg = Debug|Any CPU
		{8C2E6C74-8294-4E97-8DAA-42F400EE321F}.Debug|x86.Build.0 = Debug|Any CPU
		{8C2E6C74-8294-4E97-8DAA-42F400EE321F}.Release|Any CPU.ActiveCfg = Release|Any CPU
		{8C2E6C74-8294-4E97-8DAA-42F400EE321F}.Release|Any CPU.Build.0 = Release|Any CPU
		{8C2E6C74-8294-4E97-8DAA-42F400EE321F}.Release|x64.ActiveCfg = Release|Any CPU
		{8C2E6C74-8294-4E97-8DAA-42F400EE321F}.Release|x64.Build.0 = Release|Any CPU
		{8C2E6C74-8294-4E97-8DAA-42F400EE321F}.Release|x86.ActiveCfg = Release|Any CPU
		{8C2E6C74-8294-4E97-8DAA-42F400EE321F}.Release|x86.Build.0 = Release|Any CPU
		{2186DF3A-1AF4-4DD2-B701-F5B997448A0E}.Debug|Any CPU.ActiveCfg = Debug|Any CPU
		{2186DF3A-1AF4-4DD2-B701-F5B997448A0E}.Debug|Any CPU.Build.0 = Debug|Any CPU
		{2186DF3A-1AF4-4DD2-B701-F5B997448A0E}.Debug|x64.ActiveCfg = Debug|Any CPU
		{2186DF3A-1AF4-4DD2-B701-F5B997448A0E}.Debug|x64.Build.0 = Debug|Any CPU
		{2186DF3A-1AF4-4DD2-B701-F5B997448A0E}.Debug|x86.ActiveCfg = Debug|Any CPU
		{2186DF3A-1AF4-4DD2-B701-F5B997448A0E}.Debug|x86.Build.0 = Debug|Any CPU
		{2186DF3A-1AF4-4DD2-B701-F5B997448A0E}.Release|Any CPU.ActiveCfg = Release|Any CPU
		{2186DF3A-1AF4-4DD2-B701-F5B997448A0E}.Release|Any CPU.Build.0 = Release|Any CPU
		{2186DF3A-1AF4-4DD2-B701-F5B997448A0E}.Release|x64.ActiveCfg = Release|Any CPU
		{2186DF3A-1AF4-4DD2-B701-F5B997448A0E}.Release|x64.Build.0 = Release|Any CPU
		{2186DF3A-1AF4-4DD2-B701-F5B997448A0E}.Release|x86.ActiveCfg = Release|Any CPU
		{2186DF3A-1AF4-4DD2-B701-F5B997448A0E}.Release|x86.Build.0 = Release|Any CPU
		{C2547159-9E88-4700-964F-492D18BDE516}.Debug|Any CPU.ActiveCfg = Debug|Any CPU
		{C2547159-9E88-4700-964F-492D18BDE516}.Debug|Any CPU.Build.0 = Debug|Any CPU
		{C2547159-9E88-4700-964F-492D18BDE516}.Debug|x64.ActiveCfg = Debug|Any CPU
		{C2547159-9E88-4700-964F-492D18BDE516}.Debug|x64.Build.0 = Debug|Any CPU
		{C2547159-9E88-4700-964F-492D18BDE516}.Debug|x86.ActiveCfg = Debug|Any CPU
		{C2547159-9E88-4700-964F-492D18BDE516}.Debug|x86.Build.0 = Debug|Any CPU
		{C2547159-9E88-4700-964F-492D18BDE516}.Release|Any CPU.ActiveCfg = Release|Any CPU
		{C2547159-9E88-4700-964F-492D18BDE516}.Release|Any CPU.Build.0 = Release|Any CPU
		{C2547159-9E88-4700-964F-492D18BDE516}.Release|x64.ActiveCfg = Release|Any CPU
		{C2547159-9E88-4700-964F-492D18BDE516}.Release|x64.Build.0 = Release|Any CPU
		{C2547159-9E88-4700-964F-492D18BDE516}.Release|x86.ActiveCfg = Release|Any CPU
		{C2547159-9E88-4700-964F-492D18BDE516}.Release|x86.Build.0 = Release|Any CPU
		{848ADF21-F9DC-4CDF-ABEC-BD590B7F8CB3}.Debug|Any CPU.ActiveCfg = Debug|Any CPU
		{848ADF21-F9DC-4CDF-ABEC-BD590B7F8CB3}.Debug|Any CPU.Build.0 = Debug|Any CPU
		{848ADF21-F9DC-4CDF-ABEC-BD590B7F8CB3}.Debug|x64.ActiveCfg = Debug|Any CPU
		{848ADF21-F9DC-4CDF-ABEC-BD590B7F8CB3}.Debug|x64.Build.0 = Debug|Any CPU
		{848ADF21-F9DC-4CDF-ABEC-BD590B7F8CB3}.Debug|x86.ActiveCfg = Debug|Any CPU
		{848ADF21-F9DC-4CDF-ABEC-BD590B7F8CB3}.Debug|x86.Build.0 = Debug|Any CPU
		{848ADF21-F9DC-4CDF-ABEC-BD590B7F8CB3}.Release|Any CPU.ActiveCfg = Release|Any CPU
		{848ADF21-F9DC-4CDF-ABEC-BD590B7F8CB3}.Release|Any CPU.Build.0 = Release|Any CPU
		{848ADF21-F9DC-4CDF-ABEC-BD590B7F8CB3}.Release|x64.ActiveCfg = Release|Any CPU
		{848ADF21-F9DC-4CDF-ABEC-BD590B7F8CB3}.Release|x64.Build.0 = Release|Any CPU
		{848ADF21-F9DC-4CDF-ABEC-BD590B7F8CB3}.Release|x86.ActiveCfg = Release|Any CPU
		{848ADF21-F9DC-4CDF-ABEC-BD590B7F8CB3}.Release|x86.Build.0 = Release|Any CPU
		{BEF407CA-8A20-42DD-8C33-0F5EAC3F840D}.Debug|Any CPU.ActiveCfg = Debug|Any CPU
		{BEF407CA-8A20-42DD-8C33-0F5EAC3F840D}.Debug|Any CPU.Build.0 = Debug|Any CPU
		{BEF407CA-8A20-42DD-8C33-0F5EAC3F840D}.Debug|x64.ActiveCfg = Debug|Any CPU
		{BEF407CA-8A20-42DD-8C33-0F5EAC3F840D}.Debug|x64.Build.0 = Debug|Any CPU
		{BEF407CA-8A20-42DD-8C33-0F5EAC3F840D}.Debug|x86.ActiveCfg = Debug|Any CPU
		{BEF407CA-8A20-42DD-8C33-0F5EAC3F840D}.Debug|x86.Build.0 = Debug|Any CPU
		{BEF407CA-8A20-42DD-8C33-0F5EAC3F840D}.Release|Any CPU.ActiveCfg = Release|Any CPU
		{BEF407CA-8A20-42DD-8C33-0F5EAC3F840D}.Release|Any CPU.Build.0 = Release|Any CPU
		{BEF407CA-8A20-42DD-8C33-0F5EAC3F840D}.Release|x64.ActiveCfg = Release|Any CPU
		{BEF407CA-8A20-42DD-8C33-0F5EAC3F840D}.Release|x64.Build.0 = Release|Any CPU
		{BEF407CA-8A20-42DD-8C33-0F5EAC3F840D}.Release|x86.ActiveCfg = Release|Any CPU
		{BEF407CA-8A20-42DD-8C33-0F5EAC3F840D}.Release|x86.Build.0 = Release|Any CPU
		{64EE1319-E0BE-48EF-A8D7-DC8F9344ED8F}.Debug|Any CPU.ActiveCfg = Debug|Any CPU
		{64EE1319-E0BE-48EF-A8D7-DC8F9344ED8F}.Debug|Any CPU.Build.0 = Debug|Any CPU
		{64EE1319-E0BE-48EF-A8D7-DC8F9344ED8F}.Debug|x64.ActiveCfg = Debug|Any CPU
		{64EE1319-E0BE-48EF-A8D7-DC8F9344ED8F}.Debug|x64.Build.0 = Debug|Any CPU
		{64EE1319-E0BE-48EF-A8D7-DC8F9344ED8F}.Debug|x86.ActiveCfg = Debug|Any CPU
		{64EE1319-E0BE-48EF-A8D7-DC8F9344ED8F}.Debug|x86.Build.0 = Debug|Any CPU
		{64EE1319-E0BE-48EF-A8D7-DC8F9344ED8F}.Release|Any CPU.ActiveCfg = Release|Any CPU
		{64EE1319-E0BE-48EF-A8D7-DC8F9344ED8F}.Release|Any CPU.Build.0 = Release|Any CPU
		{64EE1319-E0BE-48EF-A8D7-DC8F9344ED8F}.Release|x64.ActiveCfg = Release|Any CPU
		{64EE1319-E0BE-48EF-A8D7-DC8F9344ED8F}.Release|x64.Build.0 = Release|Any CPU
		{64EE1319-E0BE-48EF-A8D7-DC8F9344ED8F}.Release|x86.ActiveCfg = Release|Any CPU
		{64EE1319-E0BE-48EF-A8D7-DC8F9344ED8F}.Release|x86.Build.0 = Release|Any CPU
	EndGlobalSection
EndGlobal
